<?xml version="1.0" encoding="utf-8"?>
<Project ToolsVersion="4.0" xmlns="http://schemas.microsoft.com/developer/msbuild/2003">
  <ItemGroup>
    <Filter Include="Source Files">
      <UniqueIdentifier>{4FC737F1-C7A5-4376-A066-2A32D752A2FF}</UniqueIdentifier>
      <Extensions>cpp;c;cc;cxx;c++;cppm;ixx;def;odl;idl;hpj;bat;asm;asmx</Extensions>
    </Filter>
    <Filter Include="Header Files">
      <UniqueIdentifier>{93995380-89BD-4b04-88EB-625FBE52EBFB}</UniqueIdentifier>
      <Extensions>h;hh;hpp;hxx;h++;hm;inl;inc;ipp;xsd</Extensions>
    </Filter>
    <Filter Include="Resource Files">
      <UniqueIdentifier>{67DA6AB6-F800-4c08-8B7A-83BB121AAD01}</UniqueIdentifier>
      <Extensions>rc;ico;cur;bmp;dlg;rc2;rct;bin;rgs;gif;jpg;jpeg;jpe;resx;tiff;tif;png;wav;mfcribbon-ms</Extensions>
    </Filter>
    <Filter Include="Engine">
      <UniqueIdentifier>{74526aa0-a02a-4a60-88f5-41961a6013d1}</UniqueIdentifier>
    </Filter>
    <Filter Include="Engine\Render">
      <UniqueIdentifier>{92578d89-4861-44d8-909b-1682ea2ce95b}</UniqueIdentifier>
    </Filter>
  </ItemGroup>
  <ItemGroup>
    <ClInclude Include="Render\IRenderable.h">
      <Filter>Engine\Render</Filter>
    </ClInclude>
    <ClInclude Include="Render\Object\Object.h">
      <Filter>Header Files</Filter>
    </ClInclude>
    <ClInclude Include="Util\common.h">
      <Filter>Header Files</Filter>
    </ClInclude>
    <ClInclude Include="Render\Mesh\Mesh.h">
      <Filter>Header Files</Filter>
    </ClInclude>
    <ClInclude Include="Util\custom_math.h">
      <Filter>Header Files</Filter>
    </ClInclude>
    <ClInclude Include="Render\Texture\AbstractTexture.h">
      <Filter>Header Files</Filter>
    </ClInclude>
    <ClInclude Include="Render\Texture\Texture2D.h">
      <Filter>Header Files</Filter>
    </ClInclude>
    <ClInclude Include="Render\Texture\Texture3D.h">
      <Filter>Header Files</Filter>
    </ClInclude>
    <ClInclude Include="Render\Texture\TextureInstance.h">
      <Filter>Header Files</Filter>
    </ClInclude>
    <ClInclude Include="Config\WorldConfig.h">
      <Filter>Header Files</Filter>
    </ClInclude>
    <ClInclude Include="Render\Light\Light.h">
      <Filter>Header Files</Filter>
    </ClInclude>
    <ClInclude Include="Util\Singleton.h">
      <Filter>Header Files</Filter>
    </ClInclude>
    <ClInclude Include="Render\Camera\Camera.h">
      <Filter>Header Files</Filter>
    </ClInclude>
    <ClInclude Include="Render\Renderer.h">
      <Filter>Header Files</Filter>
    </ClInclude>
    <ClInclude Include="Scene\Scene.h">
      <Filter>Header Files</Filter>
    </ClInclude>
    <ClInclude Include="Render\Light\DirectionalLight.h">
      <Filter>Header Files</Filter>
    </ClInclude>
    <ClInclude Include="Render\DeferredRender\DeferredRenderer.h">
      <Filter>Header Files</Filter>
    </ClInclude>
    <ClInclude Include="Render\Shadow\ShadowCaster.h">
      <Filter>Header Files</Filter>
    </ClInclude>
    <ClInclude Include="Render\Terrain\Terrain.h">
      <Filter>Header Files</Filter>
    </ClInclude>
    <ClInclude Include="Render\Shadow\CascadeShadowMaps.h">
      <Filter>Header Files</Filter>
    </ClInclude>
    <ClInclude Include="Render\DeferredRender\DeferredRenderObject.h">
      <Filter>Header Files</Filter>
    </ClInclude>
    <ClInclude Include="Table\StorageTable.h">
      <Filter>Header Files</Filter>
    </ClInclude>
    <ClInclude Include="Render\Shader\Shader.h">
      <Filter>Header Files</Filter>
    </ClInclude>
    <ClInclude Include="Util\IOUtil.h">
      <Filter>Header Files</Filter>
    </ClInclude>
    <ClInclude Include="Render\Light\PointLight.h">
      <Filter>Header Files</Filter>
    </ClInclude>
    <ClInclude Include="Render\Light\SpotLight.h">
      <Filter>Header Files</Filter>
    </ClInclude>
    <ClInclude Include="Render\Program\SkyProgram.h">
      <Filter>Header Files</Filter>
    </ClInclude>
    <ClInclude Include="Table\DeferredRenderObjectsTable.h">
      <Filter>Header Files</Filter>
    </ClInclude>
    <ClInclude Include="Table\ProgramTable.h">
      <Filter>Header Files</Filter>
    </ClInclude>
    <ClInclude Include="Table\ShaderTable.h">
      <Filter>Header Files</Filter>
    </ClInclude>
    <ClInclude Include="Table\MeshTable.h">
      <Filter>Header Files</Filter>
    </ClInclude>
    <ClInclude Include="Render\Program\ComputeProgram\ComputeProgram.h">
      <Filter>Header Files</Filter>
    </ClInclude>
    <ClInclude Include="Render\DeferredRender\DeferredCallback.h">
      <Filter>Header Files</Filter>
    </ClInclude>
    <ClInclude Include="Render\Program\ProceduralWaterProgram.h">
      <Filter>Header Files</Filter>
    </ClInclude>
    <ClInclude Include="Render\Program\PostProcessProgram\PostProcessProgram.h">
      <Filter>Header Files</Filter>
    </ClInclude>
    <ClInclude Include="Render\Program\Program.h">
      <Filter>Header Files</Filter>
    </ClInclude>
    <ClInclude Include="Render\Terrain\Component\TerrainComponent.h">
      <Filter>Header Files</Filter>
    </ClInclude>
    <ClInclude Include="Table\TextureTable.h">
      <Filter>Header Files</Filter>
    </ClInclude>
    <ClInclude Include="Render\Program\ComputeProgram\VolumeTextureProgram.h">
      <Filter>Header Files</Filter>
    </ClInclude>
    <ClInclude Include="Render\SideBySideRender\SideBySideRenderer.h">
      <Filter>Header Files</Filter>
    </ClInclude>
    <ClInclude Include="Render\Program\PostProcessProgram\DeferredShadingProgram.h">
      <Filter>Header Files</Filter>
    </ClInclude>
    <ClInclude Include="Render\Terrain\Component\WaterComponent.h">
      <Filter>Header Files</Filter>
    </ClInclude>
    <ClInclude Include="Render\Program\ProceduralTerrainProgram.h">
      <Filter>Header Files</Filter>
    </ClInclude>
    <ClInclude Include="Render\Notifier\RenderableNotifier.h">
      <Filter>Header Files</Filter>
    </ClInclude>
    <ClInclude Include="Render\Terrain\Component\LandscapeComponent.h">
      <Filter>Header Files</Filter>
    </ClInclude>
    <ClInclude Include="Event\Event.h">
      <Filter>Header Files</Filter>
    </ClInclude>
    <ClInclude Include="Window\WindowManager.h">
      <Filter>Header Files</Filter>
    </ClInclude>
    <ClInclude Include="Window\Context\Device.h">
      <Filter>Header Files</Filter>
    </ClInclude>
    <ClInclude Include="Window\Input\InputManager.h">
      <Filter>Header Files</Filter>
    </ClInclude>
    <ClInclude Include="Window\Input\Key.h">
      <Filter>Header Files</Filter>
    </ClInclude>
    <ClInclude Include="Window\Input\MouseBtn.h">
      <Filter>Header Files</Filter>
    </ClInclude>
    <ClInclude Include="Render\Manager\LightBufferManager.h">
      <Filter>Header Files</Filter>
    </ClInclude>
    <ClInclude Include="Render\Program\DebugPorgram.h">
      <Filter>Header Files</Filter>
    </ClInclude>
    <ClInclude Include="Render\Init\NoiseInitializer.h">
      <Filter>Header Files</Filter>
    </ClInclude>
    <ClInclude Include="Render\Program\ComputeProgram\WeatherTextureProgram.h">
      <Filter>Header Files</Filter>
    </ClInclude>
    <ClInclude Include="Render\Program\CloudProgram\CloudShadowProgram.h">
      <Filter>Header Files</Filter>
    </ClInclude>
    <ClInclude Include="Render\Cloud\VolumetricClouds.h">
      <Filter>Header Files</Filter>
    </ClInclude>
    <ClInclude Include="Render\Program\CloudProgram\VolumetricCloudProgram.h">
      <Filter>Header Files</Filter>
    </ClInclude>
    <ClInclude Include="Util\Time.h">
      <Filter>Header Files</Filter>
    </ClInclude>
    <ClInclude Include="Render\SkyBox\AbstractSkyBox.h">
      <Filter>Header Files</Filter>
    </ClInclude>
    <ClInclude Include="Render\SkyBox\SkyBox.h">
      <Filter>Header Files</Filter>
    </ClInclude>
    <ClInclude Include="Render\Program\PostProcessProgram\CloudFilterProgram.h">
      <Filter>Header Files</Filter>
    </ClInclude>
    <ClInclude Include="Render\Vegetation\ProceduralVegetation.h">
      <Filter>Header Files</Filter>
    </ClInclude>
    <ClInclude Include="Render\Vegetation\Tree\FractalTree.h">
      <Filter>Header Files</Filter>
    </ClInclude>
    <ClInclude Include="Render\Program\PostProcessProgram\SSGodRayProgram.h">
      <Filter>Header Files</Filter>
    </ClInclude>
    <ClInclude Include="Render\Program\PostProcessProgram\SSReflectionProgram.h">
      <Filter>Header Files</Filter>
    </ClInclude>
  </ItemGroup>
  <ItemGroup>
    <ClCompile Include="Render\IRenderable.cpp">
      <Filter>Engine\Render</Filter>
    </ClCompile>
    <ClCompile Include="Render\Object\Object.cpp">
      <Filter>Source Files</Filter>
    </ClCompile>
    <ClCompile Include="Render\Mesh\Mesh.cpp">
      <Filter>Source Files</Filter>
    </ClCompile>
    <ClCompile Include="Util\custom_math.cpp">
      <Filter>Source Files</Filter>
    </ClCompile>
    <ClCompile Include="Render\Texture\AbstractTexture.cpp">
      <Filter>Source Files</Filter>
    </ClCompile>
    <ClCompile Include="Render\Texture\Texture2D.cpp">
      <Filter>Source Files</Filter>
    </ClCompile>
    <ClCompile Include="Render\Texture\Texture3D.cpp">
      <Filter>Source Files</Filter>
    </ClCompile>
    <ClCompile Include="Render\Texture\TextureInstance.cpp">
      <Filter>Source Files</Filter>
    </ClCompile>
    <ClCompile Include="Config\WorldConfig.cpp">
      <Filter>Source Files</Filter>
    </ClCompile>
    <ClCompile Include="Render\Light\Light.cpp">
      <Filter>Source Files</Filter>
    </ClCompile>
    <ClCompile Include="Render\Camera\Camera.cpp">
      <Filter>Source Files</Filter>
    </ClCompile>
    <ClCompile Include="Render\Renderer.cpp">
      <Filter>Source Files</Filter>
    </ClCompile>
    <ClCompile Include="Scene\Scene.cpp">
      <Filter>Source Files</Filter>
    </ClCompile>
    <ClCompile Include="Render\Light\DirectionalLight.cpp">
      <Filter>Source Files</Filter>
    </ClCompile>
    <ClCompile Include="Render\DeferredRender\DeferredRenderer.cpp">
      <Filter>Source Files</Filter>
    </ClCompile>
    <ClCompile Include="Render\Shadow\ShadowCaster.cpp">
      <Filter>Source Files</Filter>
    </ClCompile>
    <ClCompile Include="Render\Terrain\Terrain.cpp">
      <Filter>Source Files</Filter>
    </ClCompile>
    <ClCompile Include="Render\Shadow\CascadeShadowMaps.cpp">
      <Filter>Source Files</Filter>
    </ClCompile>
    <ClCompile Include="Render\DeferredRender\DeferredRenderObject.cpp">
      <Filter>Source Files</Filter>
    </ClCompile>
    <ClCompile Include="Table\StorageTable.cpp">
      <Filter>Source Files</Filter>
    </ClCompile>
    <ClCompile Include="Render\Shader\Shader.cpp">
      <Filter>Source Files</Filter>
    </ClCompile>
    <ClCompile Include="Util\IOUtil.cpp">
      <Filter>Source Files</Filter>
    </ClCompile>
    <ClCompile Include="Render\Light\PointLight.cpp">
      <Filter>Source Files</Filter>
    </ClCompile>
    <ClCompile Include="Render\Light\SpotLight.cpp">
      <Filter>Source Files</Filter>
    </ClCompile>
    <ClCompile Include="Render\Program\SkyProgram.cpp">
      <Filter>Source Files</Filter>
    </ClCompile>
    <ClCompile Include="Table\DeferredRenderObjectsTable.cpp">
      <Filter>Source Files</Filter>
    </ClCompile>
    <ClCompile Include="Table\ProgramTable.cpp">
      <Filter>Source Files</Filter>
    </ClCompile>
    <ClCompile Include="Table\ShaderTable.cpp">
      <Filter>Source Files</Filter>
    </ClCompile>
    <ClCompile Include="Table\MeshTable.cpp">
      <Filter>Source Files</Filter>
    </ClCompile>
    <ClCompile Include="Render\Program\ComputeProgram\ComputeProgram.cpp">
      <Filter>Source Files</Filter>
    </ClCompile>
    <ClCompile Include="Render\DeferredRender\DeferredCallback.cpp">
      <Filter>Source Files</Filter>
    </ClCompile>
    <ClCompile Include="Render\Program\ProceduralWaterProgram.cpp">
      <Filter>Source Files</Filter>
    </ClCompile>
    <ClCompile Include="Render\Program\PostProcessProgram\PostProcessProgram.cpp">
      <Filter>Source Files</Filter>
    </ClCompile>
    <ClCompile Include="Render\Program\Program.cpp">
      <Filter>Source Files</Filter>
    </ClCompile>
    <ClCompile Include="Render\Terrain\Component\TerrainComponent.cpp">
      <Filter>Source Files</Filter>
    </ClCompile>
    <ClCompile Include="Test\Source.cpp">
      <Filter>Source Files</Filter>
    </ClCompile>
    <ClCompile Include="Table\TextureTable.cpp">
      <Filter>Source Files</Filter>
    </ClCompile>
    <ClCompile Include="Render\Program\ComputeProgram\VolumeTextureProgram.cpp">
      <Filter>Source Files</Filter>
    </ClCompile>
    <ClCompile Include="Render\SideBySideRender\SideBySideRenderer.cpp">
      <Filter>Source Files</Filter>
    </ClCompile>
    <ClCompile Include="Render\Program\PostProcessProgram\DeferredShadingProgram.cpp">
      <Filter>Source Files</Filter>
    </ClCompile>
    <ClCompile Include="Render\Terrain\Component\WaterComponent.cpp">
      <Filter>Source Files</Filter>
    </ClCompile>
    <ClCompile Include="Render\Program\ProceduralTerrainProgram.cpp">
      <Filter>Source Files</Filter>
    </ClCompile>
    <ClCompile Include="Render\Notifier\RenderableNotifier.cpp">
      <Filter>Source Files</Filter>
    </ClCompile>
    <ClCompile Include="Render\Terrain\Component\LandscapeComponent.cpp">
      <Filter>Source Files</Filter>
    </ClCompile>
    <ClCompile Include="Window\WindowManager.cpp">
      <Filter>Source Files</Filter>
    </ClCompile>
    <ClCompile Include="Window\Context\Device.cpp">
      <Filter>Source Files</Filter>
    </ClCompile>
    <ClCompile Include="Window\Input\InputManager.cpp">
      <Filter>Source Files</Filter>
    </ClCompile>
    <ClCompile Include="Util\common.cpp">
      <Filter>Source Files</Filter>
    </ClCompile>
    <ClCompile Include="Render\Manager\LightBufferManager.cpp">
      <Filter>Source Files</Filter>
    </ClCompile>
    <ClCompile Include="Render\Program\DebugPorgram.cpp">
      <Filter>Source Files</Filter>
    </ClCompile>
    <ClCompile Include="Render\Init\NoiseInitializer.cpp">
      <Filter>Source Files</Filter>
    </ClCompile>
    <ClCompile Include="Render\Program\ComputeProgram\WeatherTextureProgram.cpp">
      <Filter>Source Files</Filter>
    </ClCompile>
    <ClCompile Include="Render\Program\CloudProgram\CloudShadowProgram.cpp">
      <Filter>Source Files</Filter>
    </ClCompile>
    <ClCompile Include="Render\Cloud\VolumetricClouds.cpp">
      <Filter>Source Files</Filter>
    </ClCompile>
    <ClCompile Include="Render\Program\CloudProgram\VolumetricCloudProgram.cpp">
      <Filter>Source Files</Filter>
    </ClCompile>
    <ClCompile Include="Util\Time.cpp">
      <Filter>Source Files</Filter>
    </ClCompile>
    <ClCompile Include="Render\SkyBox\AbstractSkyBox.cpp">
      <Filter>Source Files</Filter>
    </ClCompile>
    <ClCompile Include="Render\SkyBox\SkyBox.cpp">
      <Filter>Source Files</Filter>
    </ClCompile>
    <ClCompile Include="Render\Program\PostProcessProgram\CloudFilterProgram.cpp">
      <Filter>Source Files</Filter>
    </ClCompile>
    <ClCompile Include="Render\Vegetation\ProceduralVegetation.cpp">
      <Filter>Source Files</Filter>
    </ClCompile>
    <ClCompile Include="Render\Vegetation\Tree\FractalTree.cpp">
      <Filter>Source Files</Filter>
    </ClCompile>
    <ClCompile Include="Render\Program\PostProcessProgram\SSGodRayProgram.cpp">
      <Filter>Source Files</Filter>
    </ClCompile>
    <ClCompile Include="Render\Program\PostProcessProgram\SSReflectionProgram.cpp">
      <Filter>Source Files</Filter>
    </ClCompile>
  </ItemGroup>
  <ItemGroup>
    <None Include="shader\postprocess\deferredshading.frag" />
    <None Include="Event\Event.inl">
      <Filter>Header Files</Filter>
    </None>
    <None Include="shader\terrain\terrain.frag" />
    <None Include="shader\terrain\terrain.geom" />
    <None Include="shader\terrain\terrain.tesctrl" />
    <None Include="shader\terrain\terrain.teseval" />
    <None Include="shader\terrain\terrain.vert" />
  </ItemGroup>
</Project>